
Microsoft Visual Studio Solution File, Format Version 12.00
# Visual Studio 15
VisualStudioVersion = 15.0.27130.2024
MinimumVisualStudioVersion = 10.0.40219.1
Project("{FAE04EC0-301F-11D3-BF4B-00C04F79EFBC}") = "ExperimentTwo", "ExperimentTwo\ExperimentTwo.csproj", "{701F2B14-E180-45E5-9F4A-A50B6E99D56B}"
EndProject
Global
	GlobalSection(SolutionConfigurationPlatforms) = preSolution
		Debug|Any CPU = Debug|Any CPU
		Release|Any CPU = Release|Any CPU
	EndGlobalSection
	GlobalSection(ProjectConfigurationPlatforms) = postSolution
		{701F2B14-E180-45E5-9F4A-A50B6E99D56B}.Debug|Any CPU.ActiveCfg = Debug|Any CPU
		{701F2B14-E180-45E5-9F4A-A50B6E99D56B}.Debug|Any CPU.Build.0 = Debug|Any CPU
		{701F2B14-E180-45E5-9F4A-A50B6E99D56B}.Release|Any CPU.ActiveCfg = Release|Any CPU
		{701F2B14-E180-45E5-9F4A-A50B6E99D56B}.Release|Any CPU.Build.0 = Release|Any CPU
	EndGlobalSection
	GlobalSection(SolutionProperties) = preSolution
		HideSolutionNode = FALSE
	EndGlobalSection
	GlobalSection(ExtensibilityGlobals) = postSolution
		SolutionGuid = {F44A18D9-5ADF-42E2-A561-108002392165}
	EndGlobalSection
EndGlobal
