
Microsoft Visual Studio Solution File, Format Version 12.00
# Visual Studio 15
VisualStudioVersion = 15.0.28307.438
MinimumVisualStudioVersion = 10.0.40219.1
Project("{FAE04EC0-301F-11D3-BF4B-00C04F79EFBC}") = "newQrCode", "newQrCode\newQrCode.csproj", "{F0FF4D1E-5438-4B20-9029-2C955AAC5EE5}"
EndProject
Global
	GlobalSection(SolutionConfigurationPlatforms) = preSolution
		Debug|Any CPU = Debug|Any CPU
		Release|Any CPU = Release|Any CPU
	EndGlobalSection
	GlobalSection(ProjectConfigurationPlatforms) = postSolution
		{F0FF4D1E-5438-4B20-9029-2C955AAC5EE5}.Debug|Any CPU.ActiveCfg = Debug|Any CPU
		{F0FF4D1E-5438-4B20-9029-2C955AAC5EE5}.Debug|Any CPU.Build.0 = Debug|Any CPU
		{F0FF4D1E-5438-4B20-9029-2C955AAC5EE5}.Release|Any CPU.ActiveCfg = Release|Any CPU
		{F0FF4D1E-5438-4B20-9029-2C955AAC5EE5}.Release|Any CPU.Build.0 = Release|Any CPU
	EndGlobalSection
	GlobalSection(SolutionProperties) = preSolution
		HideSolutionNode = FALSE
	EndGlobalSection
	GlobalSection(ExtensibilityGlobals) = postSolution
		SolutionGuid = {877278EB-B06E-44E2-BC93-E1A22482F13B}
	EndGlobalSection
EndGlobal
