
Microsoft Visual Studio Solution File, Format Version 12.00
# Visual Studio 15
VisualStudioVersion = 15.0.28307.421
MinimumVisualStudioVersion = 10.0.40219.1
Project("{FAE04EC0-301F-11D3-BF4B-00C04F79EFBC}") = "实验一 控制台输出二维码", "实验一 控制台输出二维码\实验一 控制台输出二维码.csproj", "{BA75CF7F-184A-4C64-BC88-10E3E6870873}"
EndProject
Global
	GlobalSection(SolutionConfigurationPlatforms) = preSolution
		Debug|Any CPU = Debug|Any CPU
		Release|Any CPU = Release|Any CPU
	EndGlobalSection
	GlobalSection(ProjectConfigurationPlatforms) = postSolution
		{BA75CF7F-184A-4C64-BC88-10E3E6870873}.Debug|Any CPU.ActiveCfg = Debug|Any CPU
		{BA75CF7F-184A-4C64-BC88-10E3E6870873}.Debug|Any CPU.Build.0 = Debug|Any CPU
		{BA75CF7F-184A-4C64-BC88-10E3E6870873}.Release|Any CPU.ActiveCfg = Release|Any CPU
		{BA75CF7F-184A-4C64-BC88-10E3E6870873}.Release|Any CPU.Build.0 = Release|Any CPU
	EndGlobalSection
	GlobalSection(SolutionProperties) = preSolution
		HideSolutionNode = FALSE
	EndGlobalSection
	GlobalSection(ExtensibilityGlobals) = postSolution
		SolutionGuid = {81E9050A-5622-4CBD-918E-2983D2F175E9}
	EndGlobalSection
EndGlobal
